
Microsoft Visual Studio Solution File, Format Version 12.00
# Visual Studio Version 16
VisualStudioVersion = 16.0.31129.286
MinimumVisualStudioVersion = 10.0.40219.1
Project("{FAE04EC0-301F-11D3-BF4B-00C04F79EFBC}") = "Efectura.Data", "Efectura.Data\Efectura.Data.csproj", "{94AE6874-ACE1-4902-B554-212ED6A11E96}"
EndProject
Project("{FAE04EC0-301F-11D3-BF4B-00C04F79EFBC}") = "Efectura.API", "Efectura.API\Efectura.API.csproj", "{B1855A26-8396-43E9-84A1-4F874253B0E1}"
EndProject
Global
	GlobalSection(SolutionConfigurationPlatforms) = preSolution
		Debug|Any CPU = Debug|Any CPU
		Release|Any CPU = Release|Any CPU
	EndGlobalSection
	GlobalSection(ProjectConfigurationPlatforms) = postSolution
		{94AE6874-ACE1-4902-B554-212ED6A11E96}.Debug|Any CPU.ActiveCfg = Debug|Any CPU
		{94AE6874-ACE1-4902-B554-212ED6A11E96}.Debug|Any CPU.Build.0 = Debug|Any CPU
		{94AE6874-ACE1-4902-B554-212ED6A11E96}.Release|Any CPU.ActiveCfg = Release|Any CPU
		{94AE6874-ACE1-4902-B554-212ED6A11E96}.Release|Any CPU.Build.0 = Release|Any CPU
		{B1855A26-8396-43E9-84A1-4F874253B0E1}.Debug|Any CPU.ActiveCfg = Debug|Any CPU
		{B1855A26-8396-43E9-84A1-4F874253B0E1}.Debug|Any CPU.Build.0 = Debug|Any CPU
		{B1855A26-8396-43E9-84A1-4F874253B0E1}.Release|Any CPU.ActiveCfg = Release|Any CPU
		{B1855A26-8396-43E9-84A1-4F874253B0E1}.Release|Any CPU.Build.0 = Release|Any CPU
	EndGlobalSection
	GlobalSection(SolutionProperties) = preSolution
		HideSolutionNode = FALSE
	EndGlobalSection
	GlobalSection(ExtensibilityGlobals) = postSolution
		SolutionGuid = {36532A2D-4820-43B3-8CDF-D2DD7923B8A6}
	EndGlobalSection
EndGlobal
